
Microsoft Visual Studio Solution File, Format Version 12.00
# Visual Studio Version 16
VisualStudioVersion = 16.0.32510.428
MinimumVisualStudioVersion = 10.0.40219.1
Project("{FAE04EC0-301F-11D3-BF4B-00C04F79EFBC}") = "slo5_Prototype_Pattern", "slo5_Prototype_Pattern\slo5_Prototype_Pattern.csproj", "{3EEB39ED-BEBA-4451-8272-8556FEF391C2}"
EndProject
Global
	GlobalSection(SolutionConfigurationPlatforms) = preSolution
		Debug|Any CPU = Debug|Any CPU
		Release|Any CPU = Release|Any CPU
	EndGlobalSection
	GlobalSection(ProjectConfigurationPlatforms) = postSolution
		{3EEB39ED-BEBA-4451-8272-8556FEF391C2}.Debug|Any CPU.ActiveCfg = Debug|Any CPU
		{3EEB39ED-BEBA-4451-8272-8556FEF391C2}.Debug|Any CPU.Build.0 = Debug|Any CPU
		{3EEB39ED-BEBA-4451-8272-8556FEF391C2}.Release|Any CPU.ActiveCfg = Release|Any CPU
		{3EEB39ED-BEBA-4451-8272-8556FEF391C2}.Release|Any CPU.Build.0 = Release|Any CPU
	EndGlobalSection
	GlobalSection(SolutionProperties) = preSolution
		HideSolutionNode = FALSE
	EndGlobalSection
	GlobalSection(ExtensibilityGlobals) = postSolution
		SolutionGuid = {BAB8283A-7F65-4FF0-BC15-A5329E4EABCA}
	EndGlobalSection
EndGlobal
