
Microsoft Visual Studio Solution File, Format Version 12.00
# Visual Studio Version 16
VisualStudioVersion = 16.0.32510.428
MinimumVisualStudioVersion = 10.0.40219.1
Project("{FAE04EC0-301F-11D3-BF4B-00C04F79EFBC}") = "slot7_Singleton_Pattern", "slot7_Singleton_Pattern\slot7_Singleton_Pattern.csproj", "{1A2FF706-7F27-4128-A014-F511D823C62B}"
EndProject
Global
	GlobalSection(SolutionConfigurationPlatforms) = preSolution
		Debug|Any CPU = Debug|Any CPU
		Release|Any CPU = Release|Any CPU
	EndGlobalSection
	GlobalSection(ProjectConfigurationPlatforms) = postSolution
		{1A2FF706-7F27-4128-A014-F511D823C62B}.Debug|Any CPU.ActiveCfg = Debug|Any CPU
		{1A2FF706-7F27-4128-A014-F511D823C62B}.Debug|Any CPU.Build.0 = Debug|Any CPU
		{1A2FF706-7F27-4128-A014-F511D823C62B}.Release|Any CPU.ActiveCfg = Release|Any CPU
		{1A2FF706-7F27-4128-A014-F511D823C62B}.Release|Any CPU.Build.0 = Release|Any CPU
	EndGlobalSection
	GlobalSection(SolutionProperties) = preSolution
		HideSolutionNode = FALSE
	EndGlobalSection
	GlobalSection(ExtensibilityGlobals) = postSolution
		SolutionGuid = {2B10F3E7-2D8C-4ED6-BA5E-FEFC746712AA}
	EndGlobalSection
EndGlobal
