
Microsoft Visual Studio Solution File, Format Version 12.00
# Visual Studio Version 16
VisualStudioVersion = 16.0.32510.428
MinimumVisualStudioVersion = 10.0.40219.1
Project("{FAE04EC0-301F-11D3-BF4B-00C04F79EFBC}") = "slot5_static_Constructor_static_Class", "slot5_static_Constructor_static_Class\slot5_static_Constructor_static_Class.csproj", "{F2476E2C-6944-45B2-845F-BD6016829F4D}"
EndProject
Global
	GlobalSection(SolutionConfigurationPlatforms) = preSolution
		Debug|Any CPU = Debug|Any CPU
		Release|Any CPU = Release|Any CPU
	EndGlobalSection
	GlobalSection(ProjectConfigurationPlatforms) = postSolution
		{F2476E2C-6944-45B2-845F-BD6016829F4D}.Debug|Any CPU.ActiveCfg = Debug|Any CPU
		{F2476E2C-6944-45B2-845F-BD6016829F4D}.Debug|Any CPU.Build.0 = Debug|Any CPU
		{F2476E2C-6944-45B2-845F-BD6016829F4D}.Release|Any CPU.ActiveCfg = Release|Any CPU
		{F2476E2C-6944-45B2-845F-BD6016829F4D}.Release|Any CPU.Build.0 = Release|Any CPU
	EndGlobalSection
	GlobalSection(SolutionProperties) = preSolution
		HideSolutionNode = FALSE
	EndGlobalSection
	GlobalSection(ExtensibilityGlobals) = postSolution
		SolutionGuid = {B4BC775E-5823-44BA-BD1A-D351CD9B70B7}
	EndGlobalSection
EndGlobal
