
Microsoft Visual Studio Solution File, Format Version 12.00
# Visual Studio Version 16
VisualStudioVersion = 16.0.32510.428
MinimumVisualStudioVersion = 10.0.40219.1
Project("{FAE04EC0-301F-11D3-BF4B-00C04F79EFBC}") = "MyMDIApp", "MyMDIApp\MyMDIApp.csproj", "{77BFC29B-B664-4D82-92A3-97873A01FCC6}"
EndProject
Global
	GlobalSection(SolutionConfigurationPlatforms) = preSolution
		Debug|Any CPU = Debug|Any CPU
		Release|Any CPU = Release|Any CPU
	EndGlobalSection
	GlobalSection(ProjectConfigurationPlatforms) = postSolution
		{77BFC29B-B664-4D82-92A3-97873A01FCC6}.Debug|Any CPU.ActiveCfg = Debug|Any CPU
		{77BFC29B-B664-4D82-92A3-97873A01FCC6}.Debug|Any CPU.Build.0 = Debug|Any CPU
		{77BFC29B-B664-4D82-92A3-97873A01FCC6}.Release|Any CPU.ActiveCfg = Release|Any CPU
		{77BFC29B-B664-4D82-92A3-97873A01FCC6}.Release|Any CPU.Build.0 = Release|Any CPU
	EndGlobalSection
	GlobalSection(SolutionProperties) = preSolution
		HideSolutionNode = FALSE
	EndGlobalSection
	GlobalSection(ExtensibilityGlobals) = postSolution
		SolutionGuid = {81362158-DF55-4AC2-BEE1-3B1A542E1D3F}
	EndGlobalSection
EndGlobal
