
Microsoft Visual Studio Solution File, Format Version 12.00
# Visual Studio Version 16
VisualStudioVersion = 16.0.32510.428
MinimumVisualStudioVersion = 10.0.40219.1
Project("{FAE04EC0-301F-11D3-BF4B-00C04F79EFBC}") = "DemoDataProviderFactory", "DemoDataProviderFactory\DemoDataProviderFactory.csproj", "{5857555B-CCC7-4848-9822-80955634D947}"
EndProject
Global
	GlobalSection(SolutionConfigurationPlatforms) = preSolution
		Debug|Any CPU = Debug|Any CPU
		Release|Any CPU = Release|Any CPU
	EndGlobalSection
	GlobalSection(ProjectConfigurationPlatforms) = postSolution
		{5857555B-CCC7-4848-9822-80955634D947}.Debug|Any CPU.ActiveCfg = Debug|Any CPU
		{5857555B-CCC7-4848-9822-80955634D947}.Debug|Any CPU.Build.0 = Debug|Any CPU
		{5857555B-CCC7-4848-9822-80955634D947}.Release|Any CPU.ActiveCfg = Release|Any CPU
		{5857555B-CCC7-4848-9822-80955634D947}.Release|Any CPU.Build.0 = Release|Any CPU
	EndGlobalSection
	GlobalSection(SolutionProperties) = preSolution
		HideSolutionNode = FALSE
	EndGlobalSection
	GlobalSection(ExtensibilityGlobals) = postSolution
		SolutionGuid = {DECA6140-93D8-48CF-8AA1-57C4F5DADB46}
	EndGlobalSection
EndGlobal
