
Microsoft Visual Studio Solution File, Format Version 12.00
# Visual Studio Version 16
VisualStudioVersion = 16.0.32510.428
MinimumVisualStudioVersion = 10.0.40219.1
Project("{FAE04EC0-301F-11D3-BF4B-00C04F79EFBC}") = "DemoFileClass", "DemoFileClass\DemoFileClass.csproj", "{5B18D4EB-E934-431F-A951-F168B8C3610C}"
EndProject
Project("{FAE04EC0-301F-11D3-BF4B-00C04F79EFBC}") = "DemoFileClass_02", "DemoFileClass_02\DemoFileClass_02.csproj", "{9B584028-AAEF-461F-9A39-FA2DDD8E4188}"
EndProject
Project("{FAE04EC0-301F-11D3-BF4B-00C04F79EFBC}") = "FileInfo Class Demonstration", "FileInfo Class Demonstration\FileInfo Class Demonstration.csproj", "{0D1E0A7E-3557-4A52-814C-D715DD76CEA0}"
EndProject
Global
	GlobalSection(SolutionConfigurationPlatforms) = preSolution
		Debug|Any CPU = Debug|Any CPU
		Release|Any CPU = Release|Any CPU
	EndGlobalSection
	GlobalSection(ProjectConfigurationPlatforms) = postSolution
		{5B18D4EB-E934-431F-A951-F168B8C3610C}.Debug|Any CPU.ActiveCfg = Debug|Any CPU
		{5B18D4EB-E934-431F-A951-F168B8C3610C}.Debug|Any CPU.Build.0 = Debug|Any CPU
		{5B18D4EB-E934-431F-A951-F168B8C3610C}.Release|Any CPU.ActiveCfg = Release|Any CPU
		{5B18D4EB-E934-431F-A951-F168B8C3610C}.Release|Any CPU.Build.0 = Release|Any CPU
		{9B584028-AAEF-461F-9A39-FA2DDD8E4188}.Debug|Any CPU.ActiveCfg = Debug|Any CPU
		{9B584028-AAEF-461F-9A39-FA2DDD8E4188}.Debug|Any CPU.Build.0 = Debug|Any CPU
		{9B584028-AAEF-461F-9A39-FA2DDD8E4188}.Release|Any CPU.ActiveCfg = Release|Any CPU
		{9B584028-AAEF-461F-9A39-FA2DDD8E4188}.Release|Any CPU.Build.0 = Release|Any CPU
		{0D1E0A7E-3557-4A52-814C-D715DD76CEA0}.Debug|Any CPU.ActiveCfg = Debug|Any CPU
		{0D1E0A7E-3557-4A52-814C-D715DD76CEA0}.Debug|Any CPU.Build.0 = Debug|Any CPU
		{0D1E0A7E-3557-4A52-814C-D715DD76CEA0}.Release|Any CPU.ActiveCfg = Release|Any CPU
		{0D1E0A7E-3557-4A52-814C-D715DD76CEA0}.Release|Any CPU.Build.0 = Release|Any CPU
	EndGlobalSection
	GlobalSection(SolutionProperties) = preSolution
		HideSolutionNode = FALSE
	EndGlobalSection
	GlobalSection(ExtensibilityGlobals) = postSolution
		SolutionGuid = {84544BB7-982E-4FB7-AAE4-492539153679}
	EndGlobalSection
EndGlobal
